
Microsoft Visual Studio Solution File, Format Version 12.00
# Visual Studio Version 17
VisualStudioVersion = 17.0.31903.59
MinimumVisualStudioVersion = 10.0.40219.1
Project("{FAE04EC0-301F-11D3-BF4B-00C04F79EFBC}") = "API", "API\API.csproj", "{C1B28F21-5A14-4920-A4D9-C119F44BF91C}"
EndProject
Project("{FAE04EC0-301F-11D3-BF4B-00C04F79EFBC}") = "Application", "Application\Application.csproj", "{F93BE87C-9275-43B4-ABF2-9EC6684923BF}"
EndProject
Project("{FAE04EC0-301F-11D3-BF4B-00C04F79EFBC}") = "Domain", "Domain\Domain.csproj", "{D0751B34-16DA-436E-8342-C07E873A9F7A}"
EndProject
Project("{FAE04EC0-301F-11D3-BF4B-00C04F79EFBC}") = "Infrastructure", "Infrastructure\Infrastructure.csproj", "{7938A365-F00A-4F5B-8801-F6F38B754DED}"
EndProject
Global
	GlobalSection(SolutionConfigurationPlatforms) = preSolution
		Debug|Any CPU = Debug|Any CPU
		Debug|x64 = Debug|x64
		Debug|x86 = Debug|x86
		Release|Any CPU = Release|Any CPU
		Release|x64 = Release|x64
		Release|x86 = Release|x86
	EndGlobalSection
	GlobalSection(ProjectConfigurationPlatforms) = postSolution
		{C1B28F21-5A14-4920-A4D9-C119F44BF91C}.Debug|Any CPU.ActiveCfg = Debug|Any CPU
		{C1B28F21-5A14-4920-A4D9-C119F44BF91C}.Debug|Any CPU.Build.0 = Debug|Any CPU
		{C1B28F21-5A14-4920-A4D9-C119F44BF91C}.Debug|x64.ActiveCfg = Debug|Any CPU
		{C1B28F21-5A14-4920-A4D9-C119F44BF91C}.Debug|x64.Build.0 = Debug|Any CPU
		{C1B28F21-5A14-4920-A4D9-C119F44BF91C}.Debug|x86.ActiveCfg = Debug|Any CPU
		{C1B28F21-5A14-4920-A4D9-C119F44BF91C}.Debug|x86.Build.0 = Debug|Any CPU
		{C1B28F21-5A14-4920-A4D9-C119F44BF91C}.Release|Any CPU.ActiveCfg = Release|Any CPU
		{C1B28F21-5A14-4920-A4D9-C119F44BF91C}.Release|Any CPU.Build.0 = Release|Any CPU
		{C1B28F21-5A14-4920-A4D9-C119F44BF91C}.Release|x64.ActiveCfg = Release|Any CPU
		{C1B28F21-5A14-4920-A4D9-C119F44BF91C}.Release|x64.Build.0 = Release|Any CPU
		{C1B28F21-5A14-4920-A4D9-C119F44BF91C}.Release|x86.ActiveCfg = Release|Any CPU
		{C1B28F21-5A14-4920-A4D9-C119F44BF91C}.Release|x86.Build.0 = Release|Any CPU
		{F93BE87C-9275-43B4-ABF2-9EC6684923BF}.Debug|Any CPU.ActiveCfg = Debug|Any CPU
		{F93BE87C-9275-43B4-ABF2-9EC6684923BF}.Debug|Any CPU.Build.0 = Debug|Any CPU
		{F93BE87C-9275-43B4-ABF2-9EC6684923BF}.Debug|x64.ActiveCfg = Debug|Any CPU
		{F93BE87C-9275-43B4-ABF2-9EC6684923BF}.Debug|x64.Build.0 = Debug|Any CPU
		{F93BE87C-9275-43B4-ABF2-9EC6684923BF}.Debug|x86.ActiveCfg = Debug|Any CPU
		{F93BE87C-9275-43B4-ABF2-9EC6684923BF}.Debug|x86.Build.0 = Debug|Any CPU
		{F93BE87C-9275-43B4-ABF2-9EC6684923BF}.Release|Any CPU.ActiveCfg = Release|Any CPU
		{F93BE87C-9275-43B4-ABF2-9EC6684923BF}.Release|Any CPU.Build.0 = Release|Any CPU
		{F93BE87C-9275-43B4-ABF2-9EC6684923BF}.Release|x64.ActiveCfg = Release|Any CPU
		{F93BE87C-9275-43B4-ABF2-9EC6684923BF}.Release|x64.Build.0 = Release|Any CPU
		{F93BE87C-9275-43B4-ABF2-9EC6684923BF}.Release|x86.ActiveCfg = Release|Any CPU
		{F93BE87C-9275-43B4-ABF2-9EC6684923BF}.Release|x86.Build.0 = Release|Any CPU
		{D0751B34-16DA-436E-8342-C07E873A9F7A}.Debug|Any CPU.ActiveCfg = Debug|Any CPU
		{D0751B34-16DA-436E-8342-C07E873A9F7A}.Debug|Any CPU.Build.0 = Debug|Any CPU
		{D0751B34-16DA-436E-8342-C07E873A9F7A}.Debug|x64.ActiveCfg = Debug|Any CPU
		{D0751B34-16DA-436E-8342-C07E873A9F7A}.Debug|x64.Build.0 = Debug|Any CPU
		{D0751B34-16DA-436E-8342-C07E873A9F7A}.Debug|x86.ActiveCfg = Debug|Any CPU
		{D0751B34-16DA-436E-8342-C07E873A9F7A}.Debug|x86.Build.0 = Debug|Any CPU
		{D0751B34-16DA-436E-8342-C07E873A9F7A}.Release|Any CPU.ActiveCfg = Release|Any CPU
		{D0751B34-16DA-436E-8342-C07E873A9F7A}.Release|Any CPU.Build.0 = Release|Any CPU
		{D0751B34-16DA-436E-8342-C07E873A9F7A}.Release|x64.ActiveCfg = Release|Any CPU
		{D0751B34-16DA-436E-8342-C07E873A9F7A}.Release|x64.Build.0 = Release|Any CPU
		{D0751B34-16DA-436E-8342-C07E873A9F7A}.Release|x86.ActiveCfg = Release|Any CPU
		{D0751B34-16DA-436E-8342-C07E873A9F7A}.Release|x86.Build.0 = Release|Any CPU
		{7938A365-F00A-4F5B-8801-F6F38B754DED}.Debug|Any CPU.ActiveCfg = Debug|Any CPU
		{7938A365-F00A-4F5B-8801-F6F38B754DED}.Debug|Any CPU.Build.0 = Debug|Any CPU
		{7938A365-F00A-4F5B-8801-F6F38B754DED}.Debug|x64.ActiveCfg = Debug|Any CPU
		{7938A365-F00A-4F5B-8801-F6F38B754DED}.Debug|x64.Build.0 = Debug|Any CPU
		{7938A365-F00A-4F5B-8801-F6F38B754DED}.Debug|x86.ActiveCfg = Debug|Any CPU
		{7938A365-F00A-4F5B-8801-F6F38B754DED}.Debug|x86.Build.0 = Debug|Any CPU
		{7938A365-F00A-4F5B-8801-F6F38B754DED}.Release|Any CPU.ActiveCfg = Release|Any CPU
		{7938A365-F00A-4F5B-8801-F6F38B754DED}.Release|Any CPU.Build.0 = Release|Any CPU
		{7938A365-F00A-4F5B-8801-F6F38B754DED}.Release|x64.ActiveCfg = Release|Any CPU
		{7938A365-F00A-4F5B-8801-F6F38B754DED}.Release|x64.Build.0 = Release|Any CPU
		{7938A365-F00A-4F5B-8801-F6F38B754DED}.Release|x86.ActiveCfg = Release|Any CPU
		{7938A365-F00A-4F5B-8801-F6F38B754DED}.Release|x86.Build.0 = Release|Any CPU
	EndGlobalSection
	GlobalSection(SolutionProperties) = preSolution
		HideSolutionNode = FALSE
	EndGlobalSection
EndGlobal
